// !$*UTF8*$!
{
	archiveVersion = 1;
	classes = {
	};
	objectVersion = 46;
	objects = {

/* Begin PBXBuildFile section */
		1F40BA871B64C120002B1B1B /* AppDelegate.swift in Sources */ = {isa = PBXBuildFile; fileRef = 1F40BA861B64C120002B1B1B /* AppDelegate.swift */; };
		1F40BA891B64C120002B1B1B /* ViewController.swift in Sources */ = {isa = PBXBuildFile; fileRef = 1F40BA881B64C120002B1B1B /* ViewController.swift */; };
		1F40BA8C1B64C120002B1B1B /* Main.storyboard in Resources */ = {isa = PBXBuildFile; fileRef = 1F40BA8A1B64C120002B1B1B /* Main.storyboard */; };
		1F40BA8E1B64C120002B1B1B /* Images.xcassets in Resources */ = {isa = PBXBuildFile; fileRef = 1F40BA8D1B64C120002B1B1B /* Images.xcassets */; };
		1F40BA911B64C120002B1B1B /* LaunchScreen.xib in Resources */ = {isa = PBXBuildFile; fileRef = 1F40BA8F1B64C120002B1B1B /* LaunchScreen.xib */; };
		1F40BA9D1B64C120002B1B1B /* RockPaperScissorsTests.swift in Sources */ = {isa = PBXBuildFile; fileRef = 1F40BA9C1B64C120002B1B1B /* RockPaperScissorsTests.swift */; };
/* End PBXBuildFile section */

/* Begin PBXContainerItemProxy section */
		1F40BA971B64C120002B1B1B /* PBXContainerItemProxy */ = {
			isa = PBXContainerItemProxy;
			containerPortal = 1F40BA791B64C11F002B1B1B /* Project object */;
			proxyType = 1;
			remoteGlobalIDString = 1F40BA801B64C120002B1B1B;
			remoteInfo = RockPaperScissors;
		};
/* End PBXContainerItemProxy section */

/* Begin PBXFileReference section */
		1F40BA811B64C120002B1B1B /* RockPaperScissors.app */ = {isa = PBXFileReference; explicitFileType = wrapper.application; includeInIndex = 0; path = RockPaperScissors.app; sourceTree = BUILT_PRODUCTS_DIR; };
		1F40BA851B64C120002B1B1B /* Info.plist */ = {isa = PBXFileReference; lastKnownFileType = text.plist.xml; path = Info.plist; sourceTree = "<group>"; };
		1F40BA861B64C120002B1B1B /* AppDelegate.swift */ = {isa = PBXFileReference; lastKnownFileType = sourcecode.swift; path = AppDelegate.swift; sourceTree = "<group>"; };
		1F40BA881B64C120002B1B1B /* ViewController.swift */ = {isa = PBXFileReference; lastKnownFileType = sourcecode.swift; path = ViewController.swift; sourceTree = "<group>"; };
		1F40BA8B1B64C120002B1B1B /* Base */ = {isa = PBXFileReference; lastKnownFileType = file.storyboard; name = Base; path = Base.lproj/Main.storyboard; sourceTree = "<group>"; };
		1F40BA8D1B64C120002B1B1B /* Images.xcassets */ = {isa = PBXFileReference; lastKnownFileType = folder.assetcatalog; path = Images.xcassets; sourceTree = "<group>"; };
		1F40BA901B64C120002B1B1B /* Base */ = {isa = PBXFileReference; lastKnownFileType = file.xib; name = Base; path = Base.lproj/LaunchScreen.xib; sourceTree = "<group>"; };
		1F40BA961B64C120002B1B1B /* RockPaperScissorsTests.xctest */ = {isa = PBXFileReference; explicitFileType = wrapper.cfbundle; includeInIndex = 0; path = RockPaperScissorsTests.xctest; sourceTree = BUILT_PRODUCTS_DIR; };
		1F40BA9B1B64C120002B1B1B /* Info.plist */ = {isa = PBXFileReference; lastKnownFileType = text.plist.xml; path = Info.plist; sourceTree = "<group>"; };
		1F40BA9C1B64C120002B1B1B /* RockPaperScissorsTests.swift */ = {isa = PBXFileReference; lastKnownFileType = sourcecode.swift; path = RockPaperScissorsTests.swift; sourceTree = "<group>"; };
/* End PBXFileReference section */

/* Begin PBXFrameworksBuildPhase section */
		1F40BA7E1B64C120002B1B1B /* Frameworks */ = {
			isa = PBXFrameworksBuildPhase;
			buildActionMask = 2147483647;
			files = (
			);
			runOnlyForDeploymentPostprocessing = 0;
		};
		1F40BA931B64C120002B1B1B /* Frameworks */ = {
			isa = PBXFrameworksBuildPhase;
			buildActionMask = 2147483647;
			files = (
			);
			runOnlyForDeploymentPostprocessing = 0;
		};
/* End PBXFrameworksBuildPhase section */

/* Begin PBXGroup section */
		1F40BA781B64C11F002B1B1B = {
			isa = PBXGroup;
			children = (
				1F40BA831B64C120002B1B1B /* RockPaperScissors */,
				1F40BA991B64C120002B1B1B /* RockPaperScissorsTests */,
				1F40BA821B64C120002B1B1B /* Products */,
			);
			sourceTree = "<group>";
		};
		1F40BA821B64C120002B1B1B /* Products */ = {
			isa = PBXGroup;
			children = (
				1F40BA811B64C120002B1B1B /* RockPaperScissors.app */,
				1F40BA961B64C120002B1B1B /* RockPaperScissorsTests.xctest */,
			);
			name = Products;
			sourceTree = "<group>";
		};
		1F40BA831B64C120002B1B1B /* RockPaperScissors */ = {
			isa = PBXGroup;
			children = (
				1F40BA861B64C120002B1B1B /* AppDelegate.swift */,
				1F40BA881B64C120002B1B1B /* ViewController.swift */,
				1F40BA8A1B64C120002B1B1B /* Main.storyboard */,
				1F40BA8D1B64C120002B1B1B /* Images.xcassets */,
				1F40BA8F1B64C120002B1B1B /* LaunchScreen.xib */,
				1F40BA841B64C120002B1B1B /* Supporting Files */,
			);
			path = RockPaperScissors;
			sourceTree = "<group>";
		};
		1F40BA841B64C120002B1B1B /* Supporting Files */ = {
			isa = PBXGroup;
			children = (
				1F40BA851B64C120002B1B1B /* Info.plist */,
			);
			name = "Supporting Files";
			sourceTree = "<group>";
		};
		1F40BA991B64C120002B1B1B /* RockPaperScissorsTests */ = {
			isa = PBXGroup;
			children = (
				1F40BA9C1B64C120002B1B1B /* RockPaperScissorsTests.swift */,
				1F40BA9A1B64C120002B1B1B /* Supporting Files */,
			);
			path = RockPaperScissorsTests;
			sourceTree = "<group>";
		};
		1F40BA9A1B64C120002B1B1B /* Supporting Files */ = {
			isa = PBXGroup;
			children = (
				1F40BA9B1B64C120002B1B1B /* Info.plist */,
			);
			name = "Supporting Files";
			sourceTree = "<group>";
		};
/* End PBXGroup section */

/* Begin PBXNativeTarget section */
		1F40BA801B64C120002B1B1B /* RockPaperScissors */ = {
			isa = PBXNativeTarget;
			buildConfigurationList = 1F40BAA01B64C120002B1B1B /* Build configuration list for PBXNativeTarget "RockPaperScissors" */;
			buildPhases = (
				1F40BA7D1B64C120002B1B1B /* Sources */,
				1F40BA7E1B64C120002B1B1B /* Frameworks */,
				1F40BA7F1B64C120002B1B1B /* Resources */,
			);
			buildRules = (
			);
			dependencies = (
			);
			name = RockPaperScissors;
			productName = RockPaperScissors;
			productReference = 1F40BA811B64C120002B1B1B /* RockPaperScissors.app */;
			productType = "com.apple.product-type.application";
		};
		1F40BA951B64C120002B1B1B /* RockPaperScissorsTests */ = {
			isa = PBXNativeTarget;
			buildConfigurationList = 1F40BAA31B64C120002B1B1B /* Build configuration list for PBXNativeTarget "RockPaperScissorsTests" */;
			buildPhases = (
				1F40BA921B64C120002B1B1B /* Sources */,
				1F40BA931B64C120002B1B1B /* Frameworks */,
				1F40BA941B64C120002B1B1B /* Resources */,
			);
			buildRules = (
			);
			dependencies = (
				1F40BA981B64C120002B1B1B /* PBXTargetDependency */,
			);
			name = RockPaperScissorsTests;
			productName = RockPaperScissorsTests;
			productReference = 1F40BA961B64C120002B1B1B /* RockPaperScissorsTests.xctest */;
			productType = "com.apple.product-type.bundle.unit-test";
		};
/* End PBXNativeTarget section */

/* Begin PBXProject section */
		1F40BA791B64C11F002B1B1B /* Project object */ = {
			isa = PBXProject;
			attributes = {
				LastUpgradeCheck = 0640;
				ORGANIZATIONNAME = "Kacper Branicki";
				TargetAttributes = {
					1F40BA801B64C120002B1B1B = {
						CreatedOnToolsVersion = 6.4;
					};
					1F40BA951B64C120002B1B1B = {
						CreatedOnToolsVersion = 6.4;
						TestTargetID = 1F40BA801B64C120002B1B1B;
					};
				};
			};
			buildConfigurationList = 1F40BA7C1B64C11F002B1B1B /* Build configuration list for PBXProject "RockPaperScissors" */;
			compatibilityVersion = "Xcode 3.2";
			developmentRegion = English;
			hasScannedForEncodings = 0;
			knownRegions = (
				en,
				Base,
			);
			mainGroup = 1F40BA781B64C11F002B1B1B;
			productRefGroup = 1F40BA821B64C120002B1B1B /* Products */;
			projectDirPath = "";
			projectRoot = "";
			targets = (
				1F40BA801B64C120002B1B1B /* RockPaperScissors */,
				1F40BA951B64C120002B1B1B /* RockPaperScissorsTests */,
			);
		};
/* End PBXProject section */

/* Begin PBXResourcesBuildPhase section */
		1F40BA7F1B64C120002B1B1B /* Resources */ = {
			isa = PBXResourcesBuildPhase;
			buildActionMask = 2147483647;
			files = (
				1F40BA8C1B64C120002B1B1B /* Main.storyboard in Resources */,
				1F40BA911B64C120002B1B1B /* LaunchScreen.xib in Resources */,
				1F40BA8E1B64C120002B1B1B /* Images.xcassets in Resources */,
			);
			runOnlyForDeploymentPostprocessing = 0;
		};
		1F40BA941B64C120002B1B1B /* Resources */ = {
			isa = PBXResourcesBuildPhase;
			buildActionMask = 2147483647;
			files = (
			);
			runOnlyForDeploymentPostprocessing = 0;
		};
/* End PBXResourcesBuildPhase section */

/* Begin PBXSourcesBuildPhase section */
		1F40BA7D1B64C120002B1B1B /* Sources */ = {
			isa = PBXSourcesBuildPhase;
			buildActionMask = 2147483647;
			files = (
				1F40BA891B64C120002B1B1B /* ViewController.swift in Sources */,
				1F40BA871B64C120002B1B1B /* AppDelegate.swift in Sources */,
			);
			runOnlyForDeploymentPostprocessing = 0;
		};
		1F40BA921B64C120002B1B1B /* Sources */ = {
			isa = PBXSourcesBuildPhase;
			buildActionMask = 2147483647;
			files = (
				1F40BA9D1B64C120002B1B1B /* RockPaperScissorsTests.swift in Sources */,
			);
			runOnlyForDeploymentPostprocessing = 0;
		};
/* End PBXSourcesBuildPhase section */

/* Begin PBXTargetDependency section */
		1F40BA981B64C120002B1B1B /* PBXTargetDependency */ = {
			isa = PBXTargetDependency;
			target = 1F40BA801B64C120002B1B1B /* RockPaperScissors */;
			targetProxy = 1F40BA971B64C120002B1B1B /* PBXContainerItemProxy */;
		};
/* End PBXTargetDependency section */

/* Begin PBXVariantGroup section */
		1F40BA8A1B64C120002B1B1B /* Main.storyboard */ = {
			isa = PBXVariantGroup;
			children = (
				1F40BA8B1B64C120002B1B1B /* Base */,
			);
			name = Main.storyboard;
			sourceTree = "<group>";
		};
		1F40BA8F1B64C120002B1B1B /* LaunchScreen.xib */ = {
			isa = PBXVariantGroup;
			children = (
				1F40BA901B64C120002B1B1B /* Base */,
			);
			name = LaunchScreen.xib;
			sourceTree = "<group>";
		};
/* End PBXVariantGroup section */

/* Begin XCBuildConfiguration section */
		1F40BA9E1B64C120002B1B1B /* Debug */ = {
			isa = XCBuildConfiguration;
			buildSettings = {
				ALWAYS_SEARCH_USER_PATHS = NO;
				CLANG_CXX_LANGUAGE_STANDARD = "gnu++0x";
				CLANG_CXX_LIBRARY = "libc++";
				CLANG_ENABLE_MODULES = YES;
				CLANG_ENABLE_OBJC_ARC = YES;
				CLANG_WARN_BOOL_CONVERSION = YES;
				CLANG_WARN_CONSTANT_CONVERSION = YES;
				CLANG_WARN_DIRECT_OBJC_ISA_USAGE = YES_ERROR;
				CLANG_WARN_EMPTY_BODY = YES;
				CLANG_WARN_ENUM_CONVERSION = YES;
				CLANG_WARN_INT_CONVERSION = YES;
				CLANG_WARN_OBJC_ROOT_CLASS = YES_ERROR;
				CLANG_WARN_UNREACHABLE_CODE = YES;
				CLANG_WARN__DUPLICATE_METHOD_MATCH = YES;
				"CODE_SIGN_IDENTITY[sdk=iphoneos*]" = "iPhone Developer";
				COPY_PHASE_STRIP = NO;
				DEBUG_INFORMATION_FORMAT = "dwarf-with-dsym";
				ENABLE_STRICT_OBJC_MSGSEND = YES;
				GCC_C_LANGUAGE_STANDARD = gnu99;
				GCC_DYNAMIC_NO_PIC = NO;
				GCC_NO_COMMON_BLOCKS = YES;
				GCC_OPTIMIZATION_LEVEL = 0;
				GCC_PREPROCESSOR_DEFINITIONS = (
					"DEBUG=1",
					"$(inherited)",
				);
				GCC_SYMBOLS_PRIVATE_EXTERN = NO;
				GCC_WARN_64_TO_32_BIT_CONVERSION = YES;
				GCC_WARN_ABOUT_RETURN_TYPE = YES_ERROR;
				GCC_WARN_UNDECLARED_SELECTOR = YES;
				GCC_WARN_UNINITIALIZED_AUTOS = YES_AGGRESSIVE;
				GCC_WARN_UNUSED_FUNCTION = YES;
				GCC_WARN_UNUSED_VARIABLE = YES;
				IPHONEOS_DEPLOYMENT_TARGET = 8.4;
				MTL_ENABLE_DEBUG_INFO = YES;
				ONLY_ACTIVE_ARCH = YES;
				SDKROOT = iphoneos;
				SWIFT_OPTIMIZATION_LEVEL = "-Onone";
			};
			name = Debug;
		};
		1F40BA9F1B64C120002B1B1B /* Release */ = {
			isa = XCBuildConfiguration;
			buildSettings = {
				ALWAYS_SEARCH_USER_PATHS = NO;
				CLANG_CXX_LANGUAGE_STANDARD = "gnu++0x";
				CLANG_CXX_LIBRARY = "libc++";
				CLANG_ENABLE_MODULES = YES;
				CLANG_ENABLE_OBJC_ARC = YES;
				CLANG_WARN_BOOL_CONVERSION = YES;
				CLANG_WARN_CONSTANT_CONVERSION = YES;
				CLANG_WARN_DIRECT_OBJC_ISA_USAGE = YES_ERROR;
				CLANG_WARN_EMPTY_BODY = YES;
				CLANG_WARN_ENUM_CONVERSION = YES;
				CLANG_WARN_INT_CONVERSION = YES;
				CLANG_WARN_OBJC_ROOT_CLASS = YES_ERROR;
				CLANG_WARN_UNREACHABLE_CODE = YES;
				CLANG_WARN__DUPLICATE_METHOD_MATCH = YES;
				"CODE_SIGN_IDENTITY[sdk=iphoneos*]" = "iPhone Developer";
				COPY_PHASE_STRIP = NO;
				DEBUG_INFORMATION_FORMAT = "dwarf-with-dsym";
				ENABLE_NS_ASSERTIONS = NO;
				ENABLE_STRICT_OBJC_MSGSEND = YES;
				GCC_C_LANGUAGE_STANDARD = gnu99;
				GCC_NO_COMMON_BLOCKS = YES;
				GCC_WARN_64_TO_32_BIT_CONVERSION = YES;
				GCC_WARN_ABOUT_RETURN_TYPE = YES_ERROR;
				GCC_WARN_UNDECLARED_SELECTOR = YES;
				GCC_WARN_UNINITIALIZED_AUTOS = YES_AGGRESSIVE;
				GCC_WARN_UNUSED_FUNCTION = YES;
				GCC_WARN_UNUSED_VARIABLE = YES;
				IPHONEOS_DEPLOYMENT_TARGET = 8.4;
				MTL_ENABLE_DEBUG_INFO = NO;
				SDKROOT = iphoneos;
				VALIDATE_PRODUCT = YES;
			};
			name = Release;
		};
		1F40BAA11B64C120002B1B1B /* Debug */ = {
			isa = XCBuildConfiguration;
			buildSettings = {
				ASSETCATALOG_COMPILER_APPICON_NAME = AppIcon;
				INFOPLIST_FILE = RockPaperScissors/Info.plist;
				LD_RUNPATH_SEARCH_PATHS = "$(inherited) @executable_path/Frameworks";
				PRODUCT_NAME = "$(TARGET_NAME)";
			};
			name = Debug;
		};
		1F40BAA21B64C120002B1B1B /* Release */ = {
			isa = XCBuildConfiguration;
			buildSettings = {
				ASSETCATALOG_COMPILER_APPICON_NAME = AppIcon;
				INFOPLIST_FILE = RockPaperScissors/Info.plist;
				LD_RUNPATH_SEARCH_PATHS = "$(inherited) @executable_path/Frameworks";
				PRODUCT_NAME = "$(TARGET_NAME)";
			};
			name = Release;
		};
		1F40BAA41B64C120002B1B1B /* Debug */ = {
			isa = XCBuildConfiguration;
			buildSettings = {
				BUNDLE_LOADER = "$(TEST_HOST)";
				FRAMEWORK_SEARCH_PATHS = (
					"$(SDKROOT)/Developer/Library/Frameworks",
					"$(inherited)",
				);
				GCC_PREPROCESSOR_DEFINITIONS = (
					"DEBUG=1",
					"$(inherited)",
				);
				INFOPLIST_FILE = RockPaperScissorsTests/Info.plist;
				LD_RUNPATH_SEARCH_PATHS = "$(inherited) @executable_path/Frameworks @loader_path/Frameworks";
				PRODUCT_NAME = "$(TARGET_NAME)";
				TEST_HOST = "$(BUILT_PRODUCTS_DIR)/RockPaperScissors.app/RockPaperScissors";
			};
			name = Debug;
		};
		1F40BAA51B64C120002B1B1B /* Release */ = {
			isa = XCBuildConfiguration;
			buildSettings = {
				BUNDLE_LOADER = "$(TEST_HOST)";
				FRAMEWORK_SEARCH_PATHS = (
					"$(SDKROOT)/Developer/Library/Frameworks",
					"$(inherited)",
				);
				INFOPLIST_FILE = RockPaperScissorsTests/Info.plist;
				LD_RUNPATH_SEARCH_PATHS = "$(inherited) @executable_path/Frameworks @loader_path/Frameworks";
				PRODUCT_NAME = "$(TARGET_NAME)";
				TEST_HOST = "$(BUILT_PRODUCTS_DIR)/RockPaperScissors.app/RockPaperScissors";
			};
			name = Release;
		};
/* End XCBuildConfiguration section */

/* Begin XCConfigurationList section */
		1F40BA7C1B64C11F002B1B1B /* Build configuration list for PBXProject "RockPaperScissors" */ = {
			isa = XCConfigurationList;
			buildConfigurations = (
				1F40BA9E1B64C120002B1B1B /* Debug */,
				1F40BA9F1B64C120002B1B1B /* Release */,
			);
			defaultConfigurationIsVisible = 0;
			defaultConfigurationName = Release;
		};
		1F40BAA01B64C120002B1B1B /* Build configuration list for PBXNativeTarget "RockPaperScissors" */ = {
			isa = XCConfigurationList;
			buildConfigurations = (
				1F40BAA11B64C120002B1B1B /* Debug */,
				1F40BAA21B64C120002B1B1B /* Release */,
			);
			defaultConfigurationIsVisible = 0;
		};
		1F40BAA31B64C120002B1B1B /* Build configuration list for PBXNativeTarget "RockPaperScissorsTests" */ = {
			isa = XCConfigurationList;
			buildConfigurations = (
				1F40BAA41B64C120002B1B1B /* Debug */,
				1F40BAA51B64C120002B1B1B /* Release */,
			);
			defaultConfigurationIsVisible = 0;
		};
/* End XCConfigurationList section */
	};
	rootObject = 1F40BA791B64C11F002B1B1B /* Project object */;
}
